
Microsoft Visual Studio Solution File, Format Version 12.00
# Visual Studio 15
VisualStudioVersion = 15.0.27004.2005
MinimumVisualStudioVersion = 10.0.40219.1
Project("{FAE04EC0-301F-11D3-BF4B-00C04F79EFBC}") = "portaSoft8", "portaSoft8\portaSoft8.csproj", "{A3DE2C00-B083-46E2-933F-EB575D54E1B2}"
EndProject
Global
	GlobalSection(SolutionConfigurationPlatforms) = preSolution
		Debug|Any CPU = Debug|Any CPU
		Release|Any CPU = Release|Any CPU
	EndGlobalSection
	GlobalSection(ProjectConfigurationPlatforms) = postSolution
		{A3DE2C00-B083-46E2-933F-EB575D54E1B2}.Debug|Any CPU.ActiveCfg = Debug|Any CPU
		{A3DE2C00-B083-46E2-933F-EB575D54E1B2}.Debug|Any CPU.Build.0 = Debug|Any CPU
		{A3DE2C00-B083-46E2-933F-EB575D54E1B2}.Release|Any CPU.ActiveCfg = Release|Any CPU
		{A3DE2C00-B083-46E2-933F-EB575D54E1B2}.Release|Any CPU.Build.0 = Release|Any CPU
	EndGlobalSection
	GlobalSection(SolutionProperties) = preSolution
		HideSolutionNode = FALSE
	EndGlobalSection
	GlobalSection(ExtensibilityGlobals) = postSolution
		SolutionGuid = {DCF30F12-A521-4CCE-8AB9-A5BDC19D62DA}
	EndGlobalSection
EndGlobal
